<?xml version="1.0" encoding="utf-8"?>
<Project ToolsVersion="4.0" xmlns="http://schemas.microsoft.com/developer/msbuild/2003">
  <ItemGroup>
    <Filter Include="源文件">
      <UniqueIdentifier>{4FC737F1-C7A5-4376-A066-2A32D752A2FF}</UniqueIdentifier>
      <Extensions>cpp;c;cc;cxx;def;odl;idl;hpj;bat;asm;asmx</Extensions>
    </Filter>
    <Filter Include="头文件">
      <UniqueIdentifier>{93995380-89BD-4b04-88EB-625FBE52EBFB}</UniqueIdentifier>
      <Extensions>h;hh;hpp;hxx;hm;inl;inc;xsd</Extensions>
    </Filter>
    <Filter Include="资源文件">
      <UniqueIdentifier>{67DA6AB6-F800-4c08-8B7A-83BB121AAD01}</UniqueIdentifier>
      <Extensions>rc;ico;cur;bmp;dlg;rc2;rct;bin;rgs;gif;jpg;jpeg;jpe;resx;tiff;tif;png;wav;mfcribbon-ms</Extensions>
    </Filter>
  </ItemGroup>
  <ItemGroup>
    <ClCompile Include="Source\Private\InputCoreTypes.cpp">
      <Filter>源文件</Filter>
    </ClCompile>
    <ClCompile Include="Source\Private\IODevice.cpp">
      <Filter>源文件</Filter>
    </ClCompile>
    <ClCompile Include="Source\Private\IODeviceController.cpp">
      <Filter>源文件</Filter>
    </ClCompile>
    <ClCompile Include="Source\Private\IOStatics.cpp">
      <Filter>源文件</Filter>
    </ClCompile>
    <ClCompile Include="Source\Private\InputBinding\InputActionBinding.cpp">
      <Filter>源文件</Filter>
    </ClCompile>
    <ClCompile Include="Source\Private\InputBinding\InputAxisBinding.cpp">
      <Filter>源文件</Filter>
    </ClCompile>
    <ClCompile Include="Source\Private\InputBinding\InputKeyBinding.cpp">
      <Filter>源文件</Filter>
    </ClCompile>
    <ClCompile Include="Source\Private\IODeviceDetails.cpp">
      <Filter>源文件</Filter>
    </ClCompile>
    <ClCompile Include="Source\Private\InputBinding\InputBinding.cpp">
      <Filter>源文件</Filter>
    </ClCompile>
    <ClCompile Include="Source\Private\PlayerInput.cpp">
      <Filter>源文件</Filter>
    </ClCompile>
    <ClCompile Include="Source\Private\KeyState.cpp">
      <Filter>源文件</Filter>
    </ClCompile>
    <ClCompile Include="Source\Private\RawIO\StandardIO.cpp">
      <Filter>源文件</Filter>
    </ClCompile>
    <ClCompile Include="Source\Private\RawIOFactory.cpp">
      <Filter>源文件</Filter>
    </ClCompile>
    <ClCompile Include="Source\Private\InputKeyManager.cpp">
      <Filter>源文件</Filter>
    </ClCompile>
    <ClCompile Include="Source\Private\IOApplication.cpp">
      <Filter>源文件</Filter>
    </ClCompile>
    <ClCompile Include="Source\Private\KeyDetails.cpp">
      <Filter>源文件</Filter>
    </ClCompile>
    <ClCompile Include="Source\Private\Math\Vector2D.cpp">
      <Filter>源文件</Filter>
    </ClCompile>
    <ClCompile Include="Source\Private\Math\Vector3D.cpp">
      <Filter>源文件</Filter>
    </ClCompile>
    <ClCompile Include="Source\Private\InputSettings.cpp">
      <Filter>源文件</Filter>
    </ClCompile>
    <ClCompile Include="Source\Private\InputChord.cpp">
      <Filter>源文件</Filter>
    </ClCompile>
    <ClCompile Include="Source\Private\RawIO\CustomIOBase.cpp">
      <Filter>源文件</Filter>
    </ClCompile>
    <ClCompile Include="Source\Private\RawIO\ExternalIO.cpp">
      <Filter>源文件</Filter>
    </ClCompile>
    <ClCompile Include="Source\Private\RawIO\RawIO.cpp">
      <Filter>源文件</Filter>
    </ClCompile>
    <ClCompile Include="Source\Private\IOLog.cpp">
      <Filter>源文件</Filter>
    </ClCompile>
    <ClCompile Include="Source\Private\CoreTypes\IOTypes.cpp">
      <Filter>源文件</Filter>
    </ClCompile>
    <ClCompile Include="Source\Private\RawIO\JoyStick.cpp">
      <Filter>源文件</Filter>
    </ClCompile>
    <ClCompile Include="Source\Private\IOSettings.cpp">
      <Filter>源文件</Filter>
    </ClCompile>
  </ItemGroup>
  <ItemGroup>
    <ClInclude Include="Source\Vendor\rapidxml\rapidxml.hpp">
      <Filter>头文件</Filter>
    </ClInclude>
    <ClInclude Include="Source\Vendor\rapidxml\rapidxml_iterators.hpp">
      <Filter>头文件</Filter>
    </ClInclude>
    <ClInclude Include="Source\Vendor\rapidxml\rapidxml_print.hpp">
      <Filter>头文件</Filter>
    </ClInclude>
    <ClInclude Include="Source\Vendor\rapidxml\rapidxml_utils.hpp">
      <Filter>头文件</Filter>
    </ClInclude>
    <ClInclude Include="Source\Public\InputBinding.h">
      <Filter>头文件</Filter>
    </ClInclude>
    <ClInclude Include="Source\Public\InputCoreTypes.h">
      <Filter>头文件</Filter>
    </ClInclude>
    <ClInclude Include="Source\Public\IODevice.h">
      <Filter>头文件</Filter>
    </ClInclude>
    <ClInclude Include="Source\Public\IODeviceController.h">
      <Filter>头文件</Filter>
    </ClInclude>
    <ClInclude Include="Source\Public\IOStatics.h">
      <Filter>头文件</Filter>
    </ClInclude>
    <ClInclude Include="Source\Public\InputBinding\InputActionBinding.h">
      <Filter>头文件</Filter>
    </ClInclude>
    <ClInclude Include="Source\Public\InputBinding\InputAxisBinding.h">
      <Filter>头文件</Filter>
    </ClInclude>
    <ClInclude Include="Source\Public\InputBinding\InputKeyBinding.h">
      <Filter>头文件</Filter>
    </ClInclude>
    <ClInclude Include="Source\Public\IODeviceDetails.h">
      <Filter>头文件</Filter>
    </ClInclude>
    <ClInclude Include="Source\Public\IODeviceImpl.hpp">
      <Filter>头文件</Filter>
    </ClInclude>
    <ClInclude Include="Source\Public\IOExportsAPI.h">
      <Filter>头文件</Filter>
    </ClInclude>
    <ClInclude Include="Source\Public\ExportCoreTypes.h">
      <Filter>头文件</Filter>
    </ClInclude>
    <ClInclude Include="Source\Public\PlayerInput.h">
      <Filter>头文件</Filter>
    </ClInclude>
    <ClInclude Include="Source\Public\KeyState.h">
      <Filter>头文件</Filter>
    </ClInclude>
    <ClInclude Include="Source\Public\LessKey.h">
      <Filter>头文件</Filter>
    </ClInclude>
    <ClInclude Include="Source\Public\RawIO\StandardIO.h">
      <Filter>头文件</Filter>
    </ClInclude>
    <ClInclude Include="Source\Public\RawIOFactory.h">
      <Filter>头文件</Filter>
    </ClInclude>
    <ClInclude Include="Source\Public\InputKeyManager.h">
      <Filter>头文件</Filter>
    </ClInclude>
    <ClInclude Include="Source\Public\IOApplication.h">
      <Filter>头文件</Filter>
    </ClInclude>
    <ClInclude Include="Source\Public\KeyDetails.h">
      <Filter>头文件</Filter>
    </ClInclude>
    <ClInclude Include="Source\Public\Math\Vector2D.h">
      <Filter>头文件</Filter>
    </ClInclude>
    <ClInclude Include="Source\Public\Math\Vector.h">
      <Filter>头文件</Filter>
    </ClInclude>
    <ClInclude Include="Source\Vendor\DevelopHelper\Paths.hpp">
      <Filter>头文件</Filter>
    </ClInclude>
    <ClInclude Include="Source\Public\InputSettings.h">
      <Filter>头文件</Filter>
    </ClInclude>
    <ClInclude Include="Source\Public\InputChord.h">
      <Filter>头文件</Filter>
    </ClInclude>
    <ClInclude Include="Source\Vendor\JoyStick\DIJoyStick.hpp">
      <Filter>头文件</Filter>
    </ClInclude>
    <ClInclude Include="Source\Public\CoreTypes\InputKeyProperties.h">
      <Filter>头文件</Filter>
    </ClInclude>
    <ClInclude Include="Source\Public\RawIO\CustomIOBase.h">
      <Filter>头文件</Filter>
    </ClInclude>
    <ClInclude Include="Source\Public\RawIO\ExternalIO.h">
      <Filter>头文件</Filter>
    </ClInclude>
    <ClInclude Include="Source\Public\RawIO\PDLL.h">
      <Filter>头文件</Filter>
    </ClInclude>
    <ClInclude Include="Source\Public\RawIO\RawIO.h">
      <Filter>头文件</Filter>
    </ClInclude>
    <ClInclude Include="Source\Public\IOLog.h">
      <Filter>头文件</Filter>
    </ClInclude>
    <ClInclude Include="Source\Vendor\spdlog-1.x\include\spdlog\details\async_logger_impl.h">
      <Filter>头文件</Filter>
    </ClInclude>
    <ClInclude Include="Source\Vendor\spdlog-1.x\include\spdlog\details\file_helper.h">
      <Filter>头文件</Filter>
    </ClInclude>
    <ClInclude Include="Source\Vendor\spdlog-1.x\include\spdlog\details\log_msg.h">
      <Filter>头文件</Filter>
    </ClInclude>
    <ClInclude Include="Source\Vendor\spdlog-1.x\include\spdlog\details\logger_impl.h">
      <Filter>头文件</Filter>
    </ClInclude>
    <ClInclude Include="Source\Vendor\spdlog-1.x\include\spdlog\details\mpmc_blocking_q.h">
      <Filter>头文件</Filter>
    </ClInclude>
    <ClInclude Include="Source\Vendor\spdlog-1.x\include\spdlog\details\null_mutex.h">
      <Filter>头文件</Filter>
    </ClInclude>
    <ClInclude Include="Source\Vendor\spdlog-1.x\include\spdlog\details\os.h">
      <Filter>头文件</Filter>
    </ClInclude>
    <ClInclude Include="Source\Vendor\spdlog-1.x\include\spdlog\details\pattern_formatter_impl.h">
      <Filter>头文件</Filter>
    </ClInclude>
    <ClInclude Include="Source\Vendor\spdlog-1.x\include\spdlog\details\registry.h">
      <Filter>头文件</Filter>
    </ClInclude>
    <ClInclude Include="Source\Vendor\spdlog-1.x\include\spdlog\details\thread_pool.h">
      <Filter>头文件</Filter>
    </ClInclude>
    <ClInclude Include="Source\Vendor\spdlog-1.x\include\spdlog\details\traits.h">
      <Filter>头文件</Filter>
    </ClInclude>
    <ClInclude Include="Source\Vendor\spdlog-1.x\include\spdlog\sinks\android_sink.h">
      <Filter>头文件</Filter>
    </ClInclude>
    <ClInclude Include="Source\Vendor\spdlog-1.x\include\spdlog\sinks\ansicolor_sink.h">
      <Filter>头文件</Filter>
    </ClInclude>
    <ClInclude Include="Source\Vendor\spdlog-1.x\include\spdlog\sinks\base_sink.h">
      <Filter>头文件</Filter>
    </ClInclude>
    <ClInclude Include="Source\Vendor\spdlog-1.x\include\spdlog\sinks\daily_file_sink.h">
      <Filter>头文件</Filter>
    </ClInclude>
    <ClInclude Include="Source\Vendor\spdlog-1.x\include\spdlog\sinks\dist_sink.h">
      <Filter>头文件</Filter>
    </ClInclude>
    <ClInclude Include="Source\Vendor\spdlog-1.x\include\spdlog\sinks\msvc_sink.h">
      <Filter>头文件</Filter>
    </ClInclude>
    <ClInclude Include="Source\Vendor\spdlog-1.x\include\spdlog\sinks\null_sink.h">
      <Filter>头文件</Filter>
    </ClInclude>
    <ClInclude Include="Source\Vendor\spdlog-1.x\include\spdlog\sinks\ostream_sink.h">
      <Filter>头文件</Filter>
    </ClInclude>
    <ClInclude Include="Source\Vendor\spdlog-1.x\include\spdlog\sinks\rotating_file_sink.h">
      <Filter>头文件</Filter>
    </ClInclude>
    <ClInclude Include="Source\Vendor\spdlog-1.x\include\spdlog\sinks\simple_file_sink.h">
      <Filter>头文件</Filter>
    </ClInclude>
    <ClInclude Include="Source\Vendor\spdlog-1.x\include\spdlog\sinks\sink.h">
      <Filter>头文件</Filter>
    </ClInclude>
    <ClInclude Include="Source\Vendor\spdlog-1.x\include\spdlog\sinks\stdout_color_sinks.h">
      <Filter>头文件</Filter>
    </ClInclude>
    <ClInclude Include="Source\Vendor\spdlog-1.x\include\spdlog\sinks\stdout_sinks.h">
      <Filter>头文件</Filter>
    </ClInclude>
    <ClInclude Include="Source\Vendor\spdlog-1.x\include\spdlog\sinks\syslog_sink.h">
      <Filter>头文件</Filter>
    </ClInclude>
    <ClInclude Include="Source\Vendor\spdlog-1.x\include\spdlog\sinks\wincolor_sink.h">
      <Filter>头文件</Filter>
    </ClInclude>
    <ClInclude Include="Source\Vendor\spdlog-1.x\include\spdlog\sinks\windebug_sink.h">
      <Filter>头文件</Filter>
    </ClInclude>
    <ClInclude Include="Source\Vendor\spdlog-1.x\include\spdlog\async.h">
      <Filter>头文件</Filter>
    </ClInclude>
    <ClInclude Include="Source\Vendor\spdlog-1.x\include\spdlog\async_logger.h">
      <Filter>头文件</Filter>
    </ClInclude>
    <ClInclude Include="Source\Vendor\spdlog-1.x\include\spdlog\common.h">
      <Filter>头文件</Filter>
    </ClInclude>
    <ClInclude Include="Source\Vendor\spdlog-1.x\include\spdlog\formatter.h">
      <Filter>头文件</Filter>
    </ClInclude>
    <ClInclude Include="Source\Vendor\spdlog-1.x\include\spdlog\logger.h">
      <Filter>头文件</Filter>
    </ClInclude>
    <ClInclude Include="Source\Vendor\spdlog-1.x\include\spdlog\spdlog.h">
      <Filter>头文件</Filter>
    </ClInclude>
    <ClInclude Include="Source\Vendor\spdlog-1.x\include\spdlog\tweakme.h">
      <Filter>头文件</Filter>
    </ClInclude>
    <ClInclude Include="Source\Public\CoreTypes\IOTypes.h">
      <Filter>头文件</Filter>
    </ClInclude>
    <ClInclude Include="resource.h">
      <Filter>头文件</Filter>
    </ClInclude>
    <ClInclude Include="Source\Public\RawIO\JoyStick.h">
      <Filter>头文件</Filter>
    </ClInclude>
    <ClInclude Include="Source\Public\IOSettings.h">
      <Filter>头文件</Filter>
    </ClInclude>
  </ItemGroup>
  <ItemGroup>
    <None Include="Source\Vendor\rapidxml\manual.html" />
    <None Include="IODevice.licenseheader" />
    <None Include="Source\Public\CoreTypes.inl">
      <Filter>头文件</Filter>
    </None>
  </ItemGroup>
  <ItemGroup>
    <ResourceCompile Include="IODevice.rc">
      <Filter>资源文件</Filter>
    </ResourceCompile>
  </ItemGroup>
</Project>